// !$*UTF8*$!
{
	archiveVersion = 1;
	classes = {
	};
	objectVersion = 46;
	objects = {

/* Begin PBXBuildFile section */
		BA525BDD1BEEF82700F51C22 /* AppDelegate.swift in Sources */ = {isa = PBXBuildFile; fileRef = BA525BDC1BEEF82700F51C22 /* AppDelegate.swift */; };
		BA525BDF1BEEF82700F51C22 /* ViewController.swift in Sources */ = {isa = PBXBuildFile; fileRef = BA525BDE1BEEF82700F51C22 /* ViewController.swift */; };
		BA525BE21BEEF82700F51C22 /* Main.storyboard in Resources */ = {isa = PBXBuildFile; fileRef = BA525BE01BEEF82700F51C22 /* Main.storyboard */; };
		BA525BE51BEEF82700F51C22 /* BookDate.xcdatamodeld in Sources */ = {isa = PBXBuildFile; fileRef = BA525BE31BEEF82700F51C22 /* BookDate.xcdatamodeld */; };
		BA525BE71BEEF82700F51C22 /* Assets.xcassets in Resources */ = {isa = PBXBuildFile; fileRef = BA525BE61BEEF82700F51C22 /* Assets.xcassets */; };
		BA525BEA1BEEF82700F51C22 /* LaunchScreen.storyboard in Resources */ = {isa = PBXBuildFile; fileRef = BA525BE81BEEF82700F51C22 /* LaunchScreen.storyboard */; };
		BA525BF51BEEF82700F51C22 /* BookDateTests.swift in Sources */ = {isa = PBXBuildFile; fileRef = BA525BF41BEEF82700F51C22 /* BookDateTests.swift */; };
		BA525C001BEEF82700F51C22 /* BookDateUITests.swift in Sources */ = {isa = PBXBuildFile; fileRef = BA525BFF1BEEF82700F51C22 /* BookDateUITests.swift */; };
/* End PBXBuildFile section */

/* Begin PBXContainerItemProxy section */
		BA525BF11BEEF82700F51C22 /* PBXContainerItemProxy */ = {
			isa = PBXContainerItemProxy;
			containerPortal = BA525BD11BEEF82700F51C22 /* Project object */;
			proxyType = 1;
			remoteGlobalIDString = BA525BD81BEEF82700F51C22;
			remoteInfo = BookDate;
		};
		BA525BFC1BEEF82700F51C22 /* PBXContainerItemProxy */ = {
			isa = PBXContainerItemProxy;
			containerPortal = BA525BD11BEEF82700F51C22 /* Project object */;
			proxyType = 1;
			remoteGlobalIDString = BA525BD81BEEF82700F51C22;
			remoteInfo = BookDate;
		};
/* End PBXContainerItemProxy section */

/* Begin PBXFileReference section */
		BA525BD91BEEF82700F51C22 /* BookDate.app */ = {isa = PBXFileReference; explicitFileType = wrapper.application; includeInIndex = 0; path = BookDate.app; sourceTree = BUILT_PRODUCTS_DIR; };
		BA525BDC1BEEF82700F51C22 /* AppDelegate.swift */ = {isa = PBXFileReference; lastKnownFileType = sourcecode.swift; path = AppDelegate.swift; sourceTree = "<group>"; };
		BA525BDE1BEEF82700F51C22 /* ViewController.swift */ = {isa = PBXFileReference; lastKnownFileType = sourcecode.swift; path = ViewController.swift; sourceTree = "<group>"; };
		BA525BE11BEEF82700F51C22 /* Base */ = {isa = PBXFileReference; lastKnownFileType = file.storyboard; name = Base; path = Base.lproj/Main.storyboard; sourceTree = "<group>"; };
		BA525BE41BEEF82700F51C22 /* BookDate.xcdatamodel */ = {isa = PBXFileReference; lastKnownFileType = wrapper.xcdatamodel; path = BookDate.xcdatamodel; sourceTree = "<group>"; };
		BA525BE61BEEF82700F51C22 /* Assets.xcassets */ = {isa = PBXFileReference; lastKnownFileType = folder.assetcatalog; path = Assets.xcassets; sourceTree = "<group>"; };
		BA525BE91BEEF82700F51C22 /* Base */ = {isa = PBXFileReference; lastKnownFileType = file.storyboard; name = Base; path = Base.lproj/LaunchScreen.storyboard; sourceTree = "<group>"; };
		BA525BEB1BEEF82700F51C22 /* Info.plist */ = {isa = PBXFileReference; lastKnownFileType = text.plist.xml; path = Info.plist; sourceTree = "<group>"; };
		BA525BF01BEEF82700F51C22 /* BookDateTests.xctest */ = {isa = PBXFileReference; explicitFileType = wrapper.cfbundle; includeInIndex = 0; path = BookDateTests.xctest; sourceTree = BUILT_PRODUCTS_DIR; };
		BA525BF41BEEF82700F51C22 /* BookDateTests.swift */ = {isa = PBXFileReference; lastKnownFileType = sourcecode.swift; path = BookDateTests.swift; sourceTree = "<group>"; };
		BA525BF61BEEF82700F51C22 /* Info.plist */ = {isa = PBXFileReference; lastKnownFileType = text.plist.xml; path = Info.plist; sourceTree = "<group>"; };
		BA525BFB1BEEF82700F51C22 /* BookDateUITests.xctest */ = {isa = PBXFileReference; explicitFileType = wrapper.cfbundle; includeInIndex = 0; path = BookDateUITests.xctest; sourceTree = BUILT_PRODUCTS_DIR; };
		BA525BFF1BEEF82700F51C22 /* BookDateUITests.swift */ = {isa = PBXFileReference; lastKnownFileType = sourcecode.swift; path = BookDateUITests.swift; sourceTree = "<group>"; };
		BA525C011BEEF82700F51C22 /* Info.plist */ = {isa = PBXFileReference; lastKnownFileType = text.plist.xml; path = Info.plist; sourceTree = "<group>"; };
/* End PBXFileReference section */

/* Begin PBXFrameworksBuildPhase section */
		BA525BD61BEEF82700F51C22 /* Frameworks */ = {
			isa = PBXFrameworksBuildPhase;
			buildActionMask = 2147483647;
			files = (
			);
			runOnlyForDeploymentPostprocessing = 0;
		};
		BA525BED1BEEF82700F51C22 /* Frameworks */ = {
			isa = PBXFrameworksBuildPhase;
			buildActionMask = 2147483647;
			files = (
			);
			runOnlyForDeploymentPostprocessing = 0;
		};
		BA525BF81BEEF82700F51C22 /* Frameworks */ = {
			isa = PBXFrameworksBuildPhase;
			buildActionMask = 2147483647;
			files = (
			);
			runOnlyForDeploymentPostprocessing = 0;
		};
/* End PBXFrameworksBuildPhase section */

/* Begin PBXGroup section */
		BA525BD01BEEF82700F51C22 = {
			isa = PBXGroup;
			children = (
				BA525BDB1BEEF82700F51C22 /* BookDate */,
				BA525BF31BEEF82700F51C22 /* BookDateTests */,
				BA525BFE1BEEF82700F51C22 /* BookDateUITests */,
				BA525BDA1BEEF82700F51C22 /* Products */,
			);
			sourceTree = "<group>";
		};
		BA525BDA1BEEF82700F51C22 /* Products */ = {
			isa = PBXGroup;
			children = (
				BA525BD91BEEF82700F51C22 /* BookDate.app */,
				BA525BF01BEEF82700F51C22 /* BookDateTests.xctest */,
				BA525BFB1BEEF82700F51C22 /* BookDateUITests.xctest */,
			);
			name = Products;
			sourceTree = "<group>";
		};
		BA525BDB1BEEF82700F51C22 /* BookDate */ = {
			isa = PBXGroup;
			children = (
				BA525BDC1BEEF82700F51C22 /* AppDelegate.swift */,
				BA525BDE1BEEF82700F51C22 /* ViewController.swift */,
				BA525BE01BEEF82700F51C22 /* Main.storyboard */,
				BA525BE61BEEF82700F51C22 /* Assets.xcassets */,
				BA525BE81BEEF82700F51C22 /* LaunchScreen.storyboard */,
				BA525BEB1BEEF82700F51C22 /* Info.plist */,
				BA525BE31BEEF82700F51C22 /* BookDate.xcdatamodeld */,
			);
			path = BookDate;
			sourceTree = "<group>";
		};
		BA525BF31BEEF82700F51C22 /* BookDateTests */ = {
			isa = PBXGroup;
			children = (
				BA525BF41BEEF82700F51C22 /* BookDateTests.swift */,
				BA525BF61BEEF82700F51C22 /* Info.plist */,
			);
			path = BookDateTests;
			sourceTree = "<group>";
		};
		BA525BFE1BEEF82700F51C22 /* BookDateUITests */ = {
			isa = PBXGroup;
			children = (
				BA525BFF1BEEF82700F51C22 /* BookDateUITests.swift */,
				BA525C011BEEF82700F51C22 /* Info.plist */,
			);
			path = BookDateUITests;
			sourceTree = "<group>";
		};
/* End PBXGroup section */

/* Begin PBXNativeTarget section */
		BA525BD81BEEF82700F51C22 /* BookDate */ = {
			isa = PBXNativeTarget;
			buildConfigurationList = BA525C041BEEF82700F51C22 /* Build configuration list for PBXNativeTarget "BookDate" */;
			buildPhases = (
				BA525BD51BEEF82700F51C22 /* Sources */,
				BA525BD61BEEF82700F51C22 /* Frameworks */,
				BA525BD71BEEF82700F51C22 /* Resources */,
			);
			buildRules = (
			);
			dependencies = (
			);
			name = BookDate;
			productName = BookDate;
			productReference = BA525BD91BEEF82700F51C22 /* BookDate.app */;
			productType = "com.apple.product-type.application";
		};
		BA525BEF1BEEF82700F51C22 /* BookDateTests */ = {
			isa = PBXNativeTarget;
			buildConfigurationList = BA525C071BEEF82700F51C22 /* Build configuration list for PBXNativeTarget "BookDateTests" */;
			buildPhases = (
				BA525BEC1BEEF82700F51C22 /* Sources */,
				BA525BED1BEEF82700F51C22 /* Frameworks */,
				BA525BEE1BEEF82700F51C22 /* Resources */,
			);
			buildRules = (
			);
			dependencies = (
				BA525BF21BEEF82700F51C22 /* PBXTargetDependency */,
			);
			name = BookDateTests;
			productName = BookDateTests;
			productReference = BA525BF01BEEF82700F51C22 /* BookDateTests.xctest */;
			productType = "com.apple.product-type.bundle.unit-test";
		};
		BA525BFA1BEEF82700F51C22 /* BookDateUITests */ = {
			isa = PBXNativeTarget;
			buildConfigurationList = BA525C0A1BEEF82700F51C22 /* Build configuration list for PBXNativeTarget "BookDateUITests" */;
			buildPhases = (
				BA525BF71BEEF82700F51C22 /* Sources */,
				BA525BF81BEEF82700F51C22 /* Frameworks */,
				BA525BF91BEEF82700F51C22 /* Resources */,
			);
			buildRules = (
			);
			dependencies = (
				BA525BFD1BEEF82700F51C22 /* PBXTargetDependency */,
			);
			name = BookDateUITests;
			productName = BookDateUITests;
			productReference = BA525BFB1BEEF82700F51C22 /* BookDateUITests.xctest */;
			productType = "com.apple.product-type.bundle.ui-testing";
		};
/* End PBXNativeTarget section */

/* Begin PBXProject section */
		BA525BD11BEEF82700F51C22 /* Project object */ = {
			isa = PBXProject;
			attributes = {
				LastSwiftUpdateCheck = 0710;
				LastUpgradeCheck = 0710;
				ORGANIZATIONNAME = ZhenyangZhong;
				TargetAttributes = {
					BA525BD81BEEF82700F51C22 = {
						CreatedOnToolsVersion = 7.1;
						DevelopmentTeam = BQJG9S336S;
					};
					BA525BEF1BEEF82700F51C22 = {
						CreatedOnToolsVersion = 7.1;
						DevelopmentTeam = BQJG9S336S;
						TestTargetID = BA525BD81BEEF82700F51C22;
					};
					BA525BFA1BEEF82700F51C22 = {
						CreatedOnToolsVersion = 7.1;
						DevelopmentTeam = BQJG9S336S;
						TestTargetID = BA525BD81BEEF82700F51C22;
					};
				};
			};
			buildConfigurationList = BA525BD41BEEF82700F51C22 /* Build configuration list for PBXProject "BookDate" */;
			compatibilityVersion = "Xcode 3.2";
			developmentRegion = English;
			hasScannedForEncodings = 0;
			knownRegions = (
				en,
				Base,
			);
			mainGroup = BA525BD01BEEF82700F51C22;
			productRefGroup = BA525BDA1BEEF82700F51C22 /* Products */;
			projectDirPath = "";
			projectRoot = "";
			targets = (
				BA525BD81BEEF82700F51C22 /* BookDate */,
				BA525BEF1BEEF82700F51C22 /* BookDateTests */,
				BA525BFA1BEEF82700F51C22 /* BookDateUITests */,
			);
		};
/* End PBXProject section */

/* Begin PBXResourcesBuildPhase section */
		BA525BD71BEEF82700F51C22 /* Resources */ = {
			isa = PBXResourcesBuildPhase;
			buildActionMask = 2147483647;
			files = (
				BA525BEA1BEEF82700F51C22 /* LaunchScreen.storyboard in Resources */,
				BA525BE71BEEF82700F51C22 /* Assets.xcassets in Resources */,
				BA525BE21BEEF82700F51C22 /* Main.storyboard in Resources */,
			);
			runOnlyForDeploymentPostprocessing = 0;
		};
		BA525BEE1BEEF82700F51C22 /* Resources */ = {
			isa = PBXResourcesBuildPhase;
			buildActionMask = 2147483647;
			files = (
			);
			runOnlyForDeploymentPostprocessing = 0;
		};
		BA525BF91BEEF82700F51C22 /* Resources */ = {
			isa = PBXResourcesBuildPhase;
			buildActionMask = 2147483647;
			files = (
			);
			runOnlyForDeploymentPostprocessing = 0;
		};
/* End PBXResourcesBuildPhase section */

/* Begin PBXSourcesBuildPhase section */
		BA525BD51BEEF82700F51C22 /* Sources */ = {
			isa = PBXSourcesBuildPhase;
			buildActionMask = 2147483647;
			files = (
				BA525BE51BEEF82700F51C22 /* BookDate.xcdatamodeld in Sources */,
				BA525BDF1BEEF82700F51C22 /* ViewController.swift in Sources */,
				BA525BDD1BEEF82700F51C22 /* AppDelegate.swift in Sources */,
			);
			runOnlyForDeploymentPostprocessing = 0;
		};
		BA525BEC1BEEF82700F51C22 /* Sources */ = {
			isa = PBXSourcesBuildPhase;
			buildActionMask = 2147483647;
			files = (
				BA525BF51BEEF82700F51C22 /* BookDateTests.swift in Sources */,
			);
			runOnlyForDeploymentPostprocessing = 0;
		};
		BA525BF71BEEF82700F51C22 /* Sources */ = {
			isa = PBXSourcesBuildPhase;
			buildActionMask = 2147483647;
			files = (
				BA525C001BEEF82700F51C22 /* BookDateUITests.swift in Sources */,
			);
			runOnlyForDeploymentPostprocessing = 0;
		};
/* End PBXSourcesBuildPhase section */

/* Begin PBXTargetDependency section */
		BA525BF21BEEF82700F51C22 /* PBXTargetDependency */ = {
			isa = PBXTargetDependency;
			target = BA525BD81BEEF82700F51C22 /* BookDate */;
			targetProxy = BA525BF11BEEF82700F51C22 /* PBXContainerItemProxy */;
		};
		BA525BFD1BEEF82700F51C22 /* PBXTargetDependency */ = {
			isa = PBXTargetDependency;
			target = BA525BD81BEEF82700F51C22 /* BookDate */;
			targetProxy = BA525BFC1BEEF82700F51C22 /* PBXContainerItemProxy */;
		};
/* End PBXTargetDependency section */

/* Begin PBXVariantGroup section */
		BA525BE01BEEF82700F51C22 /* Main.storyboard */ = {
			isa = PBXVariantGroup;
			children = (
				BA525BE11BEEF82700F51C22 /* Base */,
			);
			name = Main.storyboard;
			sourceTree = "<group>";
		};
		BA525BE81BEEF82700F51C22 /* LaunchScreen.storyboard */ = {
			isa = PBXVariantGroup;
			children = (
				BA525BE91BEEF82700F51C22 /* Base */,
			);
			name = LaunchScreen.storyboard;
			sourceTree = "<group>";
		};
/* End PBXVariantGroup section */

/* Begin XCBuildConfiguration section */
		BA525C021BEEF82700F51C22 /* Debug */ = {
			isa = XCBuildConfiguration;
			buildSettings = {
				ALWAYS_SEARCH_USER_PATHS = NO;
				CLANG_CXX_LANGUAGE_STANDARD = "gnu++0x";
				CLANG_CXX_LIBRARY = "libc++";
				CLANG_ENABLE_MODULES = YES;
				CLANG_ENABLE_OBJC_ARC = YES;
				CLANG_WARN_BOOL_CONVERSION = YES;
				CLANG_WARN_CONSTANT_CONVERSION = YES;
				CLANG_WARN_DIRECT_OBJC_ISA_USAGE = YES_ERROR;
				CLANG_WARN_EMPTY_BODY = YES;
				CLANG_WARN_ENUM_CONVERSION = YES;
				CLANG_WARN_INT_CONVERSION = YES;
				CLANG_WARN_OBJC_ROOT_CLASS = YES_ERROR;
				CLANG_WARN_UNREACHABLE_CODE = YES;
				CLANG_WARN__DUPLICATE_METHOD_MATCH = YES;
				"CODE_SIGN_IDENTITY[sdk=iphoneos*]" = "iPhone Developer";
				COPY_PHASE_STRIP = NO;
				DEBUG_INFORMATION_FORMAT = dwarf;
				ENABLE_STRICT_OBJC_MSGSEND = YES;
				ENABLE_TESTABILITY = YES;
				GCC_C_LANGUAGE_STANDARD = gnu99;
				GCC_DYNAMIC_NO_PIC = NO;
				GCC_NO_COMMON_BLOCKS = YES;
				GCC_OPTIMIZATION_LEVEL = 0;
				GCC_PREPROCESSOR_DEFINITIONS = (
					"DEBUG=1",
					"$(inherited)",
				);
				GCC_WARN_64_TO_32_BIT_CONVERSION = YES;
				GCC_WARN_ABOUT_RETURN_TYPE = YES_ERROR;
				GCC_WARN_UNDECLARED_SELECTOR = YES;
				GCC_WARN_UNINITIALIZED_AUTOS = YES_AGGRESSIVE;
				GCC_WARN_UNUSED_FUNCTION = YES;
				GCC_WARN_UNUSED_VARIABLE = YES;
				IPHONEOS_DEPLOYMENT_TARGET = 9.1;
				MTL_ENABLE_DEBUG_INFO = YES;
				ONLY_ACTIVE_ARCH = YES;
				SDKROOT = iphoneos;
				SWIFT_OPTIMIZATION_LEVEL = "-Onone";
			};
			name = Debug;
		};
		BA525C031BEEF82700F51C22 /* Release */ = {
			isa = XCBuildConfiguration;
			buildSettings = {
				ALWAYS_SEARCH_USER_PATHS = NO;
				CLANG_CXX_LANGUAGE_STANDARD = "gnu++0x";
				CLANG_CXX_LIBRARY = "libc++";
				CLANG_ENABLE_MODULES = YES;
				CLANG_ENABLE_OBJC_ARC = YES;
				CLANG_WARN_BOOL_CONVERSION = YES;
				CLANG_WARN_CONSTANT_CONVERSION = YES;
				CLANG_WARN_DIRECT_OBJC_ISA_USAGE = YES_ERROR;
				CLANG_WARN_EMPTY_BODY = YES;
				CLANG_WARN_ENUM_CONVERSION = YES;
				CLANG_WARN_INT_CONVERSION = YES;
				CLANG_WARN_OBJC_ROOT_CLASS = YES_ERROR;
				CLANG_WARN_UNREACHABLE_CODE = YES;
				CLANG_WARN__DUPLICATE_METHOD_MATCH = YES;
				"CODE_SIGN_IDENTITY[sdk=iphoneos*]" = "iPhone Developer";
				COPY_PHASE_STRIP = NO;
				DEBUG_INFORMATION_FORMAT = "dwarf-with-dsym";
				ENABLE_NS_ASSERTIONS = NO;
				ENABLE_STRICT_OBJC_MSGSEND = YES;
				GCC_C_LANGUAGE_STANDARD = gnu99;
				GCC_NO_COMMON_BLOCKS = YES;
				GCC_WARN_64_TO_32_BIT_CONVERSION = YES;
				GCC_WARN_ABOUT_RETURN_TYPE = YES_ERROR;
				GCC_WARN_UNDECLARED_SELECTOR = YES;
				GCC_WARN_UNINITIALIZED_AUTOS = YES_AGGRESSIVE;
				GCC_WARN_UNUSED_FUNCTION = YES;
				GCC_WARN_UNUSED_VARIABLE = YES;
				IPHONEOS_DEPLOYMENT_TARGET = 9.1;
				MTL_ENABLE_DEBUG_INFO = NO;
				SDKROOT = iphoneos;
				VALIDATE_PRODUCT = YES;
			};
			name = Release;
		};
		BA525C051BEEF82700F51C22 /* Debug */ = {
			isa = XCBuildConfiguration;
			buildSettings = {
				ASSETCATALOG_COMPILER_APPICON_NAME = AppIcon;
				CODE_SIGN_IDENTITY = "iPhone Developer";
				INFOPLIST_FILE = BookDate/Info.plist;
				LD_RUNPATH_SEARCH_PATHS = "$(inherited) @executable_path/Frameworks";
				PRODUCT_BUNDLE_IDENTIFIER = com.dlxxx.BookDate;
				PRODUCT_NAME = "$(TARGET_NAME)";
			};
			name = Debug;
		};
		BA525C061BEEF82700F51C22 /* Release */ = {
			isa = XCBuildConfiguration;
			buildSettings = {
				ASSETCATALOG_COMPILER_APPICON_NAME = AppIcon;
				CODE_SIGN_IDENTITY = "iPhone Developer";
				INFOPLIST_FILE = BookDate/Info.plist;
				LD_RUNPATH_SEARCH_PATHS = "$(inherited) @executable_path/Frameworks";
				PRODUCT_BUNDLE_IDENTIFIER = com.dlxxx.BookDate;
				PRODUCT_NAME = "$(TARGET_NAME)";
			};
			name = Release;
		};
		BA525C081BEEF82700F51C22 /* Debug */ = {
			isa = XCBuildConfiguration;
			buildSettings = {
				BUNDLE_LOADER = "$(TEST_HOST)";
				INFOPLIST_FILE = BookDateTests/Info.plist;
				LD_RUNPATH_SEARCH_PATHS = "$(inherited) @executable_path/Frameworks @loader_path/Frameworks";
				PRODUCT_BUNDLE_IDENTIFIER = com.dlxxx.BookDateTests;
				PRODUCT_NAME = "$(TARGET_NAME)";
				TEST_HOST = "$(BUILT_PRODUCTS_DIR)/BookDate.app/BookDate";
			};
			name = Debug;
		};
		BA525C091BEEF82700F51C22 /* Release */ = {
			isa = XCBuildConfiguration;
			buildSettings = {
				BUNDLE_LOADER = "$(TEST_HOST)";
				INFOPLIST_FILE = BookDateTests/Info.plist;
				LD_RUNPATH_SEARCH_PATHS = "$(inherited) @executable_path/Frameworks @loader_path/Frameworks";
				PRODUCT_BUNDLE_IDENTIFIER = com.dlxxx.BookDateTests;
				PRODUCT_NAME = "$(TARGET_NAME)";
				TEST_HOST = "$(BUILT_PRODUCTS_DIR)/BookDate.app/BookDate";
			};
			name = Release;
		};
		BA525C0B1BEEF82700F51C22 /* Debug */ = {
			isa = XCBuildConfiguration;
			buildSettings = {
				INFOPLIST_FILE = BookDateUITests/Info.plist;
				LD_RUNPATH_SEARCH_PATHS = "$(inherited) @executable_path/Frameworks @loader_path/Frameworks";
				PRODUCT_BUNDLE_IDENTIFIER = com.dlxxx.BookDateUITests;
				PRODUCT_NAME = "$(TARGET_NAME)";
				TEST_TARGET_NAME = BookDate;
				USES_XCTRUNNER = YES;
			};
			name = Debug;
		};
		BA525C0C1BEEF82700F51C22 /* Release */ = {
			isa = XCBuildConfiguration;
			buildSettings = {
				INFOPLIST_FILE = BookDateUITests/Info.plist;
				LD_RUNPATH_SEARCH_PATHS = "$(inherited) @executable_path/Frameworks @loader_path/Frameworks";
				PRODUCT_BUNDLE_IDENTIFIER = com.dlxxx.BookDateUITests;
				PRODUCT_NAME = "$(TARGET_NAME)";
				TEST_TARGET_NAME = BookDate;
				USES_XCTRUNNER = YES;
			};
			name = Release;
		};
/* End XCBuildConfiguration section */

/* Begin XCConfigurationList section */
		BA525BD41BEEF82700F51C22 /* Build configuration list for PBXProject "BookDate" */ = {
			isa = XCConfigurationList;
			buildConfigurations = (
				BA525C021BEEF82700F51C22 /* Debug */,
				BA525C031BEEF82700F51C22 /* Release */,
			);
			defaultConfigurationIsVisible = 0;
			defaultConfigurationName = Release;
		};
		BA525C041BEEF82700F51C22 /* Build configuration list for PBXNativeTarget "BookDate" */ = {
			isa = XCConfigurationList;
			buildConfigurations = (
				BA525C051BEEF82700F51C22 /* Debug */,
				BA525C061BEEF82700F51C22 /* Release */,
			);
			defaultConfigurationIsVisible = 0;
		};
		BA525C071BEEF82700F51C22 /* Build configuration list for PBXNativeTarget "BookDateTests" */ = {
			isa = XCConfigurationList;
			buildConfigurations = (
				BA525C081BEEF82700F51C22 /* Debug */,
				BA525C091BEEF82700F51C22 /* Release */,
			);
			defaultConfigurationIsVisible = 0;
		};
		BA525C0A1BEEF82700F51C22 /* Build configuration list for PBXNativeTarget "BookDateUITests" */ = {
			isa = XCConfigurationList;
			buildConfigurations = (
				BA525C0B1BEEF82700F51C22 /* Debug */,
				BA525C0C1BEEF82700F51C22 /* Release */,
			);
			defaultConfigurationIsVisible = 0;
		};
/* End XCConfigurationList section */

/* Begin XCVersionGroup section */
		BA525BE31BEEF82700F51C22 /* BookDate.xcdatamodeld */ = {
			isa = XCVersionGroup;
			children = (
				BA525BE41BEEF82700F51C22 /* BookDate.xcdatamodel */,
			);
			currentVersion = BA525BE41BEEF82700F51C22 /* BookDate.xcdatamodel */;
			path = BookDate.xcdatamodeld;
			sourceTree = "<group>";
			versionGroupType = wrapper.xcdatamodel;
		};
/* End XCVersionGroup section */
	};
	rootObject = BA525BD11BEEF82700F51C22 /* Project object */;
}
